
Microsoft Visual Studio Solution File, Format Version 12.00
# Visual Studio Version 17
VisualStudioVersion = 17.7.34031.279
MinimumVisualStudioVersion = 10.0.40219.1
Project("{8BC9CEB8-8B4A-11D0-8D11-00A0C91BC942}") = "最优化方法", "最优化方法.vcxproj", "{056BF199-7978-4265-849E-99A0F0BE96B8}"
EndProject
Global
	GlobalSection(SolutionConfigurationPlatforms) = preSolution
		Debug|x64 = Debug|x64
		Debug|x86 = Debug|x86
		Release|x64 = Release|x64
		Release|x86 = Release|x86
	EndGlobalSection
	GlobalSection(ProjectConfigurationPlatforms) = postSolution
		{056BF199-7978-4265-849E-99A0F0BE96B8}.Debug|x64.ActiveCfg = Debug|x64
		{056BF199-7978-4265-849E-99A0F0BE96B8}.Debug|x64.Build.0 = Debug|x64
		{056BF199-7978-4265-849E-99A0F0BE96B8}.Debug|x86.ActiveCfg = Debug|Win32
		{056BF199-7978-4265-849E-99A0F0BE96B8}.Debug|x86.Build.0 = Debug|Win32
		{056BF199-7978-4265-849E-99A0F0BE96B8}.Release|x64.ActiveCfg = Release|x64
		{056BF199-7978-4265-849E-99A0F0BE96B8}.Release|x64.Build.0 = Release|x64
		{056BF199-7978-4265-849E-99A0F0BE96B8}.Release|x86.ActiveCfg = Release|Win32
		{056BF199-7978-4265-849E-99A0F0BE96B8}.Release|x86.Build.0 = Release|Win32
	EndGlobalSection
	GlobalSection(SolutionProperties) = preSolution
		HideSolutionNode = FALSE
	EndGlobalSection
	GlobalSection(ExtensibilityGlobals) = postSolution
		SolutionGuid = {7C27E73C-B2BF-4B20-B466-3555FCF7B0A0}
	EndGlobalSection
EndGlobal
